// !$*UTF8*$!
{
	archiveVersion = 1;
	classes = {
	};
	objectVersion = 46;
	objects = {

/* Begin PBXBuildFile section */
		5A0CB136142A45C10015FEE9 /* mytrac.rb in Resources */ = {isa = PBXBuildFile; fileRef = 5A0CB135142A45C10015FEE9 /* mytrac.rb */; };
		5A2DF44A145050E300625D4F /* PriorityColorValueTransformer.rb in Resources */ = {isa = PBXBuildFile; fileRef = 5A2DF449145050E300625D4F /* PriorityColorValueTransformer.rb */; };
		5A57A4DD1425F1A7000F496A /* Cocoa.framework in Frameworks */ = {isa = PBXBuildFile; fileRef = 5A57A4DC1425F1A7000F496A /* Cocoa.framework */; };
		5A57A4DF1425F1A7000F496A /* MacRuby.framework in Frameworks */ = {isa = PBXBuildFile; fileRef = 5A57A4DE1425F1A7000F496A /* MacRuby.framework */; };
		5A57A4E81425F1A7000F496A /* InfoPlist.strings in Resources */ = {isa = PBXBuildFile; fileRef = 5A57A4E61425F1A7000F496A /* InfoPlist.strings */; };
		5A57A4EA1425F1A7000F496A /* main.m in Sources */ = {isa = PBXBuildFile; fileRef = 5A57A4E91425F1A7000F496A /* main.m */; };
		5A57A4EE1425F1A7000F496A /* MainMenu.xib in Resources */ = {isa = PBXBuildFile; fileRef = 5A57A4EC1425F1A7000F496A /* MainMenu.xib */; };
		5A57A4F11425F1A7000F496A /* rb_main.rb in Resources */ = {isa = PBXBuildFile; fileRef = 5A57A4F01425F1A7000F496A /* rb_main.rb */; };
		5A57A4F31425F1A7000F496A /* MyDocument.rb in Resources */ = {isa = PBXBuildFile; fileRef = 5A57A4F21425F1A7000F496A /* MyDocument.rb */; };
		5A57A4F61425F1A7000F496A /* MyDocument.xib in Resources */ = {isa = PBXBuildFile; fileRef = 5A57A4F41425F1A7000F496A /* MyDocument.xib */; };
		5A57A4F91425F1A7000F496A /* MyDocument.xcdatamodeld in Sources */ = {isa = PBXBuildFile; fileRef = 5A57A4F71425F1A7000F496A /* MyDocument.xcdatamodeld */; };
		5A57A50514262BF8000F496A /* trac4r in Resources */ = {isa = PBXBuildFile; fileRef = 5A57A50414262BF8000F496A /* trac4r */; };
		5A621CB914336EC60077FA6E /* keychain in Resources */ = {isa = PBXBuildFile; fileRef = 5A621CB814336EC60077FA6E /* keychain */; };
		5A8C890F1445E5480092F7EE /* AppDelegate.rb in Resources */ = {isa = PBXBuildFile; fileRef = 5A8C890E1445E5480092F7EE /* AppDelegate.rb */; };
		5A8C89121445E7E50092F7EE /* NewTicket.xib in Resources */ = {isa = PBXBuildFile; fileRef = 5A8C89111445E7E50092F7EE /* NewTicket.xib */; };
		5AEC2AA31434A5E70022D4BD /* icon.icns in Resources */ = {isa = PBXBuildFile; fileRef = 5AEC2AA21434A5E70022D4BD /* icon.icns */; };
		5AEC2AEF143B5E550022D4BD /* WebWindow.xib in Resources */ = {isa = PBXBuildFile; fileRef = 5AEC2AEE143B5E550022D4BD /* WebWindow.xib */; };
		5AEC2AF2143B61600022D4BD /* WebKit.framework in Frameworks */ = {isa = PBXBuildFile; fileRef = 5AEC2AF1143B61600022D4BD /* WebKit.framework */; };
		5AEC2AF4143B619C0022D4BD /* WebWindowController.rb in Resources */ = {isa = PBXBuildFile; fileRef = 5AEC2AF3143B619C0022D4BD /* WebWindowController.rb */; };
		5AF68636144B35C700E42EF7 /* NewTicketController.rb in Resources */ = {isa = PBXBuildFile; fileRef = 5AF68635144B35C700E42EF7 /* NewTicketController.rb */; };
/* End PBXBuildFile section */

/* Begin PBXContainerItemProxy section */
		5A57A4E11425F1A7000F496A /* PBXContainerItemProxy */ = {
			isa = PBXContainerItemProxy;
			containerPortal = 5A57A4CF1425F1A7000F496A /* Project object */;
			proxyType = 1;
			remoteGlobalIDString = 5A57A4D71425F1A7000F496A;
			remoteInfo = Persequor;
		};
/* End PBXContainerItemProxy section */

/* Begin PBXFileReference section */
		5A0CB135142A45C10015FEE9 /* mytrac.rb */ = {isa = PBXFileReference; fileEncoding = 4; lastKnownFileType = text.script.ruby; path = mytrac.rb; sourceTree = "<group>"; };
		5A2DF449145050E300625D4F /* PriorityColorValueTransformer.rb */ = {isa = PBXFileReference; fileEncoding = 4; lastKnownFileType = text.script.ruby; path = PriorityColorValueTransformer.rb; sourceTree = "<group>"; };
		5A57A4D81425F1A7000F496A /* Persequor.app */ = {isa = PBXFileReference; explicitFileType = wrapper.application; includeInIndex = 0; path = Persequor.app; sourceTree = BUILT_PRODUCTS_DIR; };
		5A57A4DC1425F1A7000F496A /* Cocoa.framework */ = {isa = PBXFileReference; lastKnownFileType = wrapper.framework; name = Cocoa.framework; path = System/Library/Frameworks/Cocoa.framework; sourceTree = SDKROOT; };
		5A57A4DE1425F1A7000F496A /* MacRuby.framework */ = {isa = PBXFileReference; lastKnownFileType = wrapper.framework; name = MacRuby.framework; path = Library/Frameworks/MacRuby.framework; sourceTree = DEVELOPER_DIR; };
		5A57A4E51425F1A7000F496A /* Persequor-Info.plist */ = {isa = PBXFileReference; lastKnownFileType = text.plist.xml; path = "Persequor-Info.plist"; sourceTree = "<group>"; };
		5A57A4E71425F1A7000F496A /* en */ = {isa = PBXFileReference; lastKnownFileType = text.plist.strings; name = en; path = en.lproj/InfoPlist.strings; sourceTree = "<group>"; };
		5A57A4E91425F1A7000F496A /* main.m */ = {isa = PBXFileReference; lastKnownFileType = sourcecode.c.objc; path = main.m; sourceTree = "<group>"; };
		5A57A4EB1425F1A7000F496A /* Persequor-Prefix.pch */ = {isa = PBXFileReference; lastKnownFileType = sourcecode.c.h; path = "Persequor-Prefix.pch"; sourceTree = "<group>"; };
		5A57A4ED1425F1A7000F496A /* en */ = {isa = PBXFileReference; lastKnownFileType = file.xib; name = en; path = en.lproj/MainMenu.xib; sourceTree = "<group>"; };
		5A57A4F01425F1A7000F496A /* rb_main.rb */ = {isa = PBXFileReference; lastKnownFileType = text.script.ruby; path = rb_main.rb; sourceTree = "<group>"; };
		5A57A4F21425F1A7000F496A /* MyDocument.rb */ = {isa = PBXFileReference; lastKnownFileType = text.script.ruby; path = MyDocument.rb; sourceTree = "<group>"; };
		5A57A4F51425F1A7000F496A /* en */ = {isa = PBXFileReference; lastKnownFileType = file.xib; name = en; path = en.lproj/MyDocument.xib; sourceTree = "<group>"; };
		5A57A4F81425F1A7000F496A /* MyDocument.xcdatamodel */ = {isa = PBXFileReference; lastKnownFileType = wrapper.xcdatamodel; path = MyDocument.xcdatamodel; sourceTree = "<group>"; };
		5A57A50414262BF8000F496A /* trac4r */ = {isa = PBXFileReference; lastKnownFileType = folder; path = trac4r; sourceTree = "<group>"; };
		5A621CB814336EC60077FA6E /* keychain */ = {isa = PBXFileReference; lastKnownFileType = folder; path = keychain; sourceTree = "<group>"; };
		5A8C890E1445E5480092F7EE /* AppDelegate.rb */ = {isa = PBXFileReference; fileEncoding = 4; lastKnownFileType = text.script.ruby; path = AppDelegate.rb; sourceTree = "<group>"; };
		5A8C89111445E7E50092F7EE /* NewTicket.xib */ = {isa = PBXFileReference; fileEncoding = 4; lastKnownFileType = file.xib; path = NewTicket.xib; sourceTree = "<group>"; };
		5AEC2AA21434A5E70022D4BD /* icon.icns */ = {isa = PBXFileReference; lastKnownFileType = image.icns; name = icon.icns; path = Resources/icon.icns; sourceTree = "<group>"; };
		5AEC2AEE143B5E550022D4BD /* WebWindow.xib */ = {isa = PBXFileReference; fileEncoding = 4; lastKnownFileType = file.xib; path = WebWindow.xib; sourceTree = "<group>"; };
		5AEC2AF1143B61600022D4BD /* WebKit.framework */ = {isa = PBXFileReference; lastKnownFileType = wrapper.framework; name = WebKit.framework; path = System/Library/Frameworks/WebKit.framework; sourceTree = SDKROOT; };
		5AEC2AF3143B619C0022D4BD /* WebWindowController.rb */ = {isa = PBXFileReference; fileEncoding = 4; lastKnownFileType = text.script.ruby; path = WebWindowController.rb; sourceTree = "<group>"; };
		5AF68635144B35C700E42EF7 /* NewTicketController.rb */ = {isa = PBXFileReference; fileEncoding = 4; lastKnownFileType = text.script.ruby; path = NewTicketController.rb; sourceTree = "<group>"; };
/* End PBXFileReference section */

/* Begin PBXFrameworksBuildPhase section */
		5A57A4D51425F1A7000F496A /* Frameworks */ = {
			isa = PBXFrameworksBuildPhase;
			buildActionMask = 2147483647;
			files = (
				5AEC2AF2143B61600022D4BD /* WebKit.framework in Frameworks */,
				5A57A4DD1425F1A7000F496A /* Cocoa.framework in Frameworks */,
				5A57A4DF1425F1A7000F496A /* MacRuby.framework in Frameworks */,
			);
			runOnlyForDeploymentPostprocessing = 0;
		};
/* End PBXFrameworksBuildPhase section */

/* Begin PBXGroup section */
		5A57A4CD1425F1A7000F496A = {
			isa = PBXGroup;
			children = (
				5AEC2AF1143B61600022D4BD /* WebKit.framework */,
				5A57A4E31425F1A7000F496A /* Persequor */,
				5A57A4DB1425F1A7000F496A /* Frameworks */,
				5A57A4D91425F1A7000F496A /* Products */,
			);
			sourceTree = "<group>";
		};
		5A57A4D91425F1A7000F496A /* Products */ = {
			isa = PBXGroup;
			children = (
				5A57A4D81425F1A7000F496A /* Persequor.app */,
			);
			name = Products;
			sourceTree = "<group>";
		};
		5A57A4DB1425F1A7000F496A /* Frameworks */ = {
			isa = PBXGroup;
			children = (
				5A57A4DC1425F1A7000F496A /* Cocoa.framework */,
				5A57A4DE1425F1A7000F496A /* MacRuby.framework */,
			);
			name = Frameworks;
			sourceTree = "<group>";
		};
		5A57A4E31425F1A7000F496A /* Persequor */ = {
			isa = PBXGroup;
			children = (
				5A8C890E1445E5480092F7EE /* AppDelegate.rb */,
				5A57A4EC1425F1A7000F496A /* MainMenu.xib */,
				5AEC2AF3143B619C0022D4BD /* WebWindowController.rb */,
				5AEC2AEE143B5E550022D4BD /* WebWindow.xib */,
				5AF68635144B35C700E42EF7 /* NewTicketController.rb */,
				5A8C89111445E7E50092F7EE /* NewTicket.xib */,
				5A2DF449145050E300625D4F /* PriorityColorValueTransformer.rb */,
				5A9682591456FBFB00D105AF /* Model */,
				5A96825A1456FC2200D105AF /* Externals */,
				5AA073FE1434A2CF0047684D /* Resources */,
				5A57A4E41425F1A7000F496A /* Supporting Files */,
				5A57A4EF1425F1A7000F496A /* Other Sources */,
			);
			path = Persequor;
			sourceTree = "<group>";
		};
		5A57A4E41425F1A7000F496A /* Supporting Files */ = {
			isa = PBXGroup;
			children = (
				5A57A4E51425F1A7000F496A /* Persequor-Info.plist */,
				5A57A4E61425F1A7000F496A /* InfoPlist.strings */,
				5A57A4E91425F1A7000F496A /* main.m */,
				5A57A4EB1425F1A7000F496A /* Persequor-Prefix.pch */,
			);
			name = "Supporting Files";
			sourceTree = "<group>";
		};
		5A57A4EF1425F1A7000F496A /* Other Sources */ = {
			isa = PBXGroup;
			children = (
				5A57A4F01425F1A7000F496A /* rb_main.rb */,
			);
			name = "Other Sources";
			sourceTree = "<group>";
		};
		5A9682591456FBFB00D105AF /* Model */ = {
			isa = PBXGroup;
			children = (
				5A57A4F21425F1A7000F496A /* MyDocument.rb */,
				5A57A4F41425F1A7000F496A /* MyDocument.xib */,
				5A57A4F71425F1A7000F496A /* MyDocument.xcdatamodeld */,
			);
			name = Model;
			sourceTree = "<group>";
		};
		5A96825A1456FC2200D105AF /* Externals */ = {
			isa = PBXGroup;
			children = (
				5A0CB135142A45C10015FEE9 /* mytrac.rb */,
				5A57A50414262BF8000F496A /* trac4r */,
				5A621CB814336EC60077FA6E /* keychain */,
			);
			name = Externals;
			sourceTree = "<group>";
		};
		5AA073FE1434A2CF0047684D /* Resources */ = {
			isa = PBXGroup;
			children = (
				5AEC2AA21434A5E70022D4BD /* icon.icns */,
			);
			name = Resources;
			sourceTree = "<group>";
		};
/* End PBXGroup section */

/* Begin PBXLegacyTarget section */
		5A57A4E01425F1A7000F496A /* Deployment */ = {
			isa = PBXLegacyTarget;
			buildArgumentsString = "--compile --embed";
			buildConfigurationList = 5A57A4FF1425F1A7000F496A /* Build configuration list for PBXLegacyTarget "Deployment" */;
			buildPhases = (
			);
			buildToolPath = /usr/local/bin/macruby_deploy;
			dependencies = (
				5A57A4E21425F1A7000F496A /* PBXTargetDependency */,
			);
			name = Deployment;
			passBuildSettingsInEnvironment = 1;
			productName = Deployment;
		};
/* End PBXLegacyTarget section */

/* Begin PBXNativeTarget section */
		5A57A4D71425F1A7000F496A /* Persequor */ = {
			isa = PBXNativeTarget;
			buildConfigurationList = 5A57A4FC1425F1A7000F496A /* Build configuration list for PBXNativeTarget "Persequor" */;
			buildPhases = (
				5A57A4D41425F1A7000F496A /* Sources */,
				5A57A4D51425F1A7000F496A /* Frameworks */,
				5A57A4D61425F1A7000F496A /* Resources */,
				5A36423A1443538200180D71 /* ShellScript */,
			);
			buildRules = (
			);
			dependencies = (
			);
			name = Persequor;
			productName = Persequor;
			productReference = 5A57A4D81425F1A7000F496A /* Persequor.app */;
			productType = "com.apple.product-type.application";
		};
/* End PBXNativeTarget section */

/* Begin PBXProject section */
		5A57A4CF1425F1A7000F496A /* Project object */ = {
			isa = PBXProject;
			attributes = {
				LastUpgradeCheck = 0420;
				ORGANIZATIONNAME = "abstracture GmbH & Co. KG";
			};
			buildConfigurationList = 5A57A4D21425F1A7000F496A /* Build configuration list for PBXProject "Persequor" */;
			compatibilityVersion = "Xcode 3.2";
			developmentRegion = English;
			hasScannedForEncodings = 0;
			knownRegions = (
				en,
			);
			mainGroup = 5A57A4CD1425F1A7000F496A;
			productRefGroup = 5A57A4D91425F1A7000F496A /* Products */;
			projectDirPath = "";
			projectRoot = "";
			targets = (
				5A57A4D71425F1A7000F496A /* Persequor */,
				5A57A4E01425F1A7000F496A /* Deployment */,
			);
		};
/* End PBXProject section */

/* Begin PBXResourcesBuildPhase section */
		5A57A4D61425F1A7000F496A /* Resources */ = {
			isa = PBXResourcesBuildPhase;
			buildActionMask = 2147483647;
			files = (
				5A57A4E81425F1A7000F496A /* InfoPlist.strings in Resources */,
				5A57A4EE1425F1A7000F496A /* MainMenu.xib in Resources */,
				5A57A4F11425F1A7000F496A /* rb_main.rb in Resources */,
				5A57A4F31425F1A7000F496A /* MyDocument.rb in Resources */,
				5A57A4F61425F1A7000F496A /* MyDocument.xib in Resources */,
				5A57A50514262BF8000F496A /* trac4r in Resources */,
				5A0CB136142A45C10015FEE9 /* mytrac.rb in Resources */,
				5A621CB914336EC60077FA6E /* keychain in Resources */,
				5AEC2AA31434A5E70022D4BD /* icon.icns in Resources */,
				5AEC2AEF143B5E550022D4BD /* WebWindow.xib in Resources */,
				5AEC2AF4143B619C0022D4BD /* WebWindowController.rb in Resources */,
				5A8C890F1445E5480092F7EE /* AppDelegate.rb in Resources */,
				5A8C89121445E7E50092F7EE /* NewTicket.xib in Resources */,
				5AF68636144B35C700E42EF7 /* NewTicketController.rb in Resources */,
				5A2DF44A145050E300625D4F /* PriorityColorValueTransformer.rb in Resources */,
			);
			runOnlyForDeploymentPostprocessing = 0;
		};
/* End PBXResourcesBuildPhase section */

/* Begin PBXShellScriptBuildPhase section */
		5A36423A1443538200180D71 /* ShellScript */ = {
			isa = PBXShellScriptBuildPhase;
			buildActionMask = 2147483647;
			files = (
			);
			inputPaths = (
			);
			outputPaths = (
			);
			runOnlyForDeploymentPostprocessing = 0;
			shellPath = /bin/sh;
			shellScript = "git status\nversion=$(git describe --tags --dirty)\n\n# version can be empty when there are no tags, use rev-parse in that case\n# to log the last commit id\nif [[ -z \"$version\" ]]; then\n  diff=$(git diff)\n  version=$(git rev-parse --short HEAD)\n\n  if [[ -n \"$diff\" ]]; then\n    version=${version}-dirty\n  fi\nfi\n\necho version: $version\n\ninfo_plist=$BUILT_PRODUCTS_DIR/$PRODUCT_NAME.app/Contents/Info.plist\n/usr/libexec/PlistBuddy -c \"Set :CFBundleVersion $version\" $info_plist";
		};
/* End PBXShellScriptBuildPhase section */

/* Begin PBXSourcesBuildPhase section */
		5A57A4D41425F1A7000F496A /* Sources */ = {
			isa = PBXSourcesBuildPhase;
			buildActionMask = 2147483647;
			files = (
				5A57A4EA1425F1A7000F496A /* main.m in Sources */,
				5A57A4F91425F1A7000F496A /* MyDocument.xcdatamodeld in Sources */,
			);
			runOnlyForDeploymentPostprocessing = 0;
		};
/* End PBXSourcesBuildPhase section */

/* Begin PBXTargetDependency section */
		5A57A4E21425F1A7000F496A /* PBXTargetDependency */ = {
			isa = PBXTargetDependency;
			target = 5A57A4D71425F1A7000F496A /* Persequor */;
			targetProxy = 5A57A4E11425F1A7000F496A /* PBXContainerItemProxy */;
		};
/* End PBXTargetDependency section */

/* Begin PBXVariantGroup section */
		5A57A4E61425F1A7000F496A /* InfoPlist.strings */ = {
			isa = PBXVariantGroup;
			children = (
				5A57A4E71425F1A7000F496A /* en */,
			);
			name = InfoPlist.strings;
			sourceTree = "<group>";
		};
		5A57A4EC1425F1A7000F496A /* MainMenu.xib */ = {
			isa = PBXVariantGroup;
			children = (
				5A57A4ED1425F1A7000F496A /* en */,
			);
			name = MainMenu.xib;
			sourceTree = "<group>";
		};
		5A57A4F41425F1A7000F496A /* MyDocument.xib */ = {
			isa = PBXVariantGroup;
			children = (
				5A57A4F51425F1A7000F496A /* en */,
			);
			name = MyDocument.xib;
			sourceTree = "<group>";
		};
/* End PBXVariantGroup section */

/* Begin XCBuildConfiguration section */
		5A57A4FA1425F1A7000F496A /* Debug */ = {
			isa = XCBuildConfiguration;
			buildSettings = {
				ALWAYS_SEARCH_USER_PATHS = NO;
				ARCHS = "$(ARCHS_STANDARD_64_BIT)";
				CLANG_ENABLE_OBJC_ARC = YES;
				COPY_PHASE_STRIP = NO;
				GCC_C_LANGUAGE_STANDARD = gnu99;
				GCC_DYNAMIC_NO_PIC = NO;
				GCC_ENABLE_OBJC_EXCEPTIONS = YES;
				GCC_OPTIMIZATION_LEVEL = 0;
				GCC_PREPROCESSOR_DEFINITIONS = (
					"DEBUG=1",
					"$(inherited)",
				);
				GCC_SYMBOLS_PRIVATE_EXTERN = NO;
				GCC_VERSION = com.apple.compilers.llvm.clang.1_0;
				GCC_WARN_64_TO_32_BIT_CONVERSION = YES;
				GCC_WARN_ABOUT_MISSING_PROTOTYPES = YES;
				GCC_WARN_ABOUT_RETURN_TYPE = YES;
				GCC_WARN_UNUSED_VARIABLE = YES;
				MACOSX_DEPLOYMENT_TARGET = 10.7;
				ONLY_ACTIVE_ARCH = YES;
				SDKROOT = macosx;
			};
			name = Debug;
		};
		5A57A4FB1425F1A7000F496A /* Release */ = {
			isa = XCBuildConfiguration;
			buildSettings = {
				ALWAYS_SEARCH_USER_PATHS = NO;
				ARCHS = "$(ARCHS_STANDARD_64_BIT)";
				CLANG_ENABLE_OBJC_ARC = YES;
				COPY_PHASE_STRIP = YES;
				DEBUG_INFORMATION_FORMAT = "dwarf-with-dsym";
				GCC_C_LANGUAGE_STANDARD = gnu99;
				GCC_ENABLE_OBJC_EXCEPTIONS = YES;
				GCC_VERSION = com.apple.compilers.llvm.clang.1_0;
				GCC_WARN_64_TO_32_BIT_CONVERSION = YES;
				GCC_WARN_ABOUT_MISSING_PROTOTYPES = YES;
				GCC_WARN_ABOUT_RETURN_TYPE = YES;
				GCC_WARN_UNUSED_VARIABLE = YES;
				MACOSX_DEPLOYMENT_TARGET = 10.7;
				SDKROOT = macosx;
			};
			name = Release;
		};
		5A57A4FD1425F1A7000F496A /* Debug */ = {
			isa = XCBuildConfiguration;
			buildSettings = {
				ARCHS = x86_64;
				FRAMEWORK_SEARCH_PATHS = (
					"$(inherited)",
					"\"$(DEVELOPER_FRAMEWORKS_DIR)\"",
				);
				GCC_ENABLE_OBJC_GC = required;
				GCC_PRECOMPILE_PREFIX_HEADER = YES;
				GCC_PREFIX_HEADER = "Persequor/Persequor-Prefix.pch";
				INFOPLIST_FILE = "Persequor/Persequor-Info.plist";
				MACOSX_DEPLOYMENT_TARGET = 10.7;
				PRODUCT_NAME = "$(TARGET_NAME)";
				WRAPPER_EXTENSION = app;
			};
			name = Debug;
		};
		5A57A4FE1425F1A7000F496A /* Release */ = {
			isa = XCBuildConfiguration;
			buildSettings = {
				ARCHS = x86_64;
				FRAMEWORK_SEARCH_PATHS = (
					"$(inherited)",
					"\"$(DEVELOPER_FRAMEWORKS_DIR)\"",
				);
				GCC_ENABLE_OBJC_GC = required;
				GCC_PRECOMPILE_PREFIX_HEADER = YES;
				GCC_PREFIX_HEADER = "Persequor/Persequor-Prefix.pch";
				INFOPLIST_FILE = "Persequor/Persequor-Info.plist";
				MACOSX_DEPLOYMENT_TARGET = 10.7;
				PRODUCT_NAME = "$(TARGET_NAME)";
				WRAPPER_EXTENSION = app;
			};
			name = Release;
		};
		5A57A5001425F1A7000F496A /* Debug */ = {
			isa = XCBuildConfiguration;
			buildSettings = {
			};
			name = Debug;
		};
		5A57A5011425F1A7000F496A /* Release */ = {
			isa = XCBuildConfiguration;
			buildSettings = {
			};
			name = Release;
		};
/* End XCBuildConfiguration section */

/* Begin XCConfigurationList section */
		5A57A4D21425F1A7000F496A /* Build configuration list for PBXProject "Persequor" */ = {
			isa = XCConfigurationList;
			buildConfigurations = (
				5A57A4FA1425F1A7000F496A /* Debug */,
				5A57A4FB1425F1A7000F496A /* Release */,
			);
			defaultConfigurationIsVisible = 0;
			defaultConfigurationName = Release;
		};
		5A57A4FC1425F1A7000F496A /* Build configuration list for PBXNativeTarget "Persequor" */ = {
			isa = XCConfigurationList;
			buildConfigurations = (
				5A57A4FD1425F1A7000F496A /* Debug */,
				5A57A4FE1425F1A7000F496A /* Release */,
			);
			defaultConfigurationIsVisible = 0;
			defaultConfigurationName = Release;
		};
		5A57A4FF1425F1A7000F496A /* Build configuration list for PBXLegacyTarget "Deployment" */ = {
			isa = XCConfigurationList;
			buildConfigurations = (
				5A57A5001425F1A7000F496A /* Debug */,
				5A57A5011425F1A7000F496A /* Release */,
			);
			defaultConfigurationIsVisible = 0;
			defaultConfigurationName = Release;
		};
/* End XCConfigurationList section */

/* Begin XCVersionGroup section */
		5A57A4F71425F1A7000F496A /* MyDocument.xcdatamodeld */ = {
			isa = XCVersionGroup;
			children = (
				5A57A4F81425F1A7000F496A /* MyDocument.xcdatamodel */,
			);
			currentVersion = 5A57A4F81425F1A7000F496A /* MyDocument.xcdatamodel */;
			path = MyDocument.xcdatamodeld;
			sourceTree = "<group>";
			versionGroupType = wrapper.xcdatamodel;
		};
/* End XCVersionGroup section */
	};
	rootObject = 5A57A4CF1425F1A7000F496A /* Project object */;
}
